
Microsoft Visual Studio Solution File, Format Version 12.00
# Visual Studio 2015
Project("{FAE04EC0-301F-11D3-BF4B-00C04F79EFBC}") = "Necronaut", "Necronaut.csproj", "{182FA8B0-D210-FE8F-FFD3-06CBA1F97DC1}"
EndProject
Project("{FAE04EC0-301F-11D3-BF4B-00C04F79EFBC}") = "Necronaut.Editor", "Necronaut.Editor.csproj", "{071877EB-167C-414A-BB6E-90438C4AF737}"
EndProject
Global
	GlobalSection(SolutionConfigurationPlatforms) = preSolution
		Debug|Any CPU = Debug|Any CPU
		Release|Any CPU = Release|Any CPU
	EndGlobalSection
	GlobalSection(ProjectConfigurationPlatforms) = postSolution
		{182FA8B0-D210-FE8F-FFD3-06CBA1F97DC1}.Debug|Any CPU.ActiveCfg = Debug|Any CPU
		{182FA8B0-D210-FE8F-FFD3-06CBA1F97DC1}.Debug|Any CPU.Build.0 = Debug|Any CPU
		{182FA8B0-D210-FE8F-FFD3-06CBA1F97DC1}.Release|Any CPU.ActiveCfg = Release|Any CPU
		{182FA8B0-D210-FE8F-FFD3-06CBA1F97DC1}.Release|Any CPU.Build.0 = Release|Any CPU
		{071877EB-167C-414A-BB6E-90438C4AF737}.Debug|Any CPU.ActiveCfg = Debug|Any CPU
		{071877EB-167C-414A-BB6E-90438C4AF737}.Debug|Any CPU.Build.0 = Debug|Any CPU
		{071877EB-167C-414A-BB6E-90438C4AF737}.Release|Any CPU.ActiveCfg = Release|Any CPU
		{071877EB-167C-414A-BB6E-90438C4AF737}.Release|Any CPU.Build.0 = Release|Any CPU
	EndGlobalSection
	GlobalSection(SolutionProperties) = preSolution
		HideSolutionNode = FALSE
	EndGlobalSection
EndGlobal
