
Microsoft Visual Studio Solution File, Format Version 12.00
# Visual Studio 2015
Project("{FAE04EC0-301F-11D3-BF4B-00C04F79EFBC}") = "necronaut", "necronaut.csproj", "{AFF3AEAB-760F-1FD4-E98E-415DBF67E789}"
EndProject
Project("{FAE04EC0-301F-11D3-BF4B-00C04F79EFBC}") = "necronaut.Editor", "necronaut.Editor.csproj", "{4487C7A9-B901-CC57-0224-700CCD9B6BD3}"
EndProject
Global
	GlobalSection(SolutionConfigurationPlatforms) = preSolution
		Debug|Any CPU = Debug|Any CPU
		Release|Any CPU = Release|Any CPU
	EndGlobalSection
	GlobalSection(ProjectConfigurationPlatforms) = postSolution
		{AFF3AEAB-760F-1FD4-E98E-415DBF67E789}.Debug|Any CPU.ActiveCfg = Debug|Any CPU
		{AFF3AEAB-760F-1FD4-E98E-415DBF67E789}.Debug|Any CPU.Build.0 = Debug|Any CPU
		{AFF3AEAB-760F-1FD4-E98E-415DBF67E789}.Release|Any CPU.ActiveCfg = Release|Any CPU
		{AFF3AEAB-760F-1FD4-E98E-415DBF67E789}.Release|Any CPU.Build.0 = Release|Any CPU
		{4487C7A9-B901-CC57-0224-700CCD9B6BD3}.Debug|Any CPU.ActiveCfg = Debug|Any CPU
		{4487C7A9-B901-CC57-0224-700CCD9B6BD3}.Debug|Any CPU.Build.0 = Debug|Any CPU
		{4487C7A9-B901-CC57-0224-700CCD9B6BD3}.Release|Any CPU.ActiveCfg = Release|Any CPU
		{4487C7A9-B901-CC57-0224-700CCD9B6BD3}.Release|Any CPU.Build.0 = Release|Any CPU
	EndGlobalSection
	GlobalSection(SolutionProperties) = preSolution
		HideSolutionNode = FALSE
	EndGlobalSection
EndGlobal
